// !$*UTF8*$!
{
	archiveVersion = 1;
	classes = {
	};
	objectVersion = 46;
	objects = {

/* Begin PBXBuildFile section */
		4B7AFCD4420E69C8A72B5058 /* libPods.a in Frameworks */ = {isa = PBXBuildFile; fileRef = DAF74B3E260E9E40264DC2EB /* libPods.a */; };
		691367E41B819EA60081C9D8 /* DataBaseEngine.m in Sources */ = {isa = PBXBuildFile; fileRef = 691367BF1B819EA60081C9D8 /* DataBaseEngine.m */; };
		691367E51B819EA60081C9D8 /* WYDatabase.m in Sources */ = {isa = PBXBuildFile; fileRef = 691367C11B819EA60081C9D8 /* WYDatabase.m */; };
		691367E61B819EA60081C9D8 /* NSData+Category.m in Sources */ = {isa = PBXBuildFile; fileRef = 691367C51B819EA60081C9D8 /* NSData+Category.m */; };
		691367E71B819EA60081C9D8 /* NSDictionary+Category.m in Sources */ = {isa = PBXBuildFile; fileRef = 691367C71B819EA60081C9D8 /* NSDictionary+Category.m */; };
		691367E81B819EA60081C9D8 /* NSNull+Category.m in Sources */ = {isa = PBXBuildFile; fileRef = 691367C91B819EA60081C9D8 /* NSNull+Category.m */; };
		691367E91B819EA60081C9D8 /* NSObject+Category.m in Sources */ = {isa = PBXBuildFile; fileRef = 691367CB1B819EA60081C9D8 /* NSObject+Category.m */; };
		691367EA1B819EA60081C9D8 /* NSString+Category.m in Sources */ = {isa = PBXBuildFile; fileRef = 691367CD1B819EA60081C9D8 /* NSString+Category.m */; };
		691367EB1B819EA60081C9D8 /* UIActionSheet+Block.m in Sources */ = {isa = PBXBuildFile; fileRef = 691367D11B819EA60081C9D8 /* UIActionSheet+Block.m */; };
		691367EC1B819EA60081C9D8 /* UIAlertView+Block.m in Sources */ = {isa = PBXBuildFile; fileRef = 691367D31B819EA60081C9D8 /* UIAlertView+Block.m */; };
		691367ED1B819EA60081C9D8 /* UIButton+Block.m in Sources */ = {isa = PBXBuildFile; fileRef = 691367D51B819EA60081C9D8 /* UIButton+Block.m */; };
		691367EE1B819EA60081C9D8 /* UIColor+Category.m in Sources */ = {isa = PBXBuildFile; fileRef = 691367D71B819EA60081C9D8 /* UIColor+Category.m */; };
		691367EF1B819EA60081C9D8 /* UIImage+Category.m in Sources */ = {isa = PBXBuildFile; fileRef = 691367D91B819EA60081C9D8 /* UIImage+Category.m */; };
		691367F01B819EA60081C9D8 /* UINavigationController+Animation.m in Sources */ = {isa = PBXBuildFile; fileRef = 691367DB1B819EA60081C9D8 /* UINavigationController+Animation.m */; };
		691367F11B819EA60081C9D8 /* UIScrollView+Touches.m in Sources */ = {isa = PBXBuildFile; fileRef = 691367DD1B819EA60081C9D8 /* UIScrollView+Touches.m */; };
		691367F31B819EA60081C9D8 /* UIViewController+Category.m in Sources */ = {isa = PBXBuildFile; fileRef = 691367E11B819EA60081C9D8 /* UIViewController+Category.m */; };
		691367F71B819F430081C9D8 /* WYRadiusBorderView.m in Sources */ = {isa = PBXBuildFile; fileRef = 691367F61B819F430081C9D8 /* WYRadiusBorderView.m */; };
		691367FB1B81B89B0081C9D8 /* NSDate+Category.m in Sources */ = {isa = PBXBuildFile; fileRef = 691367FA1B81B89B0081C9D8 /* NSDate+Category.m */; };
		691367FE1B81BDDF0081C9D8 /* UIResponder+Category.m in Sources */ = {isa = PBXBuildFile; fileRef = 691367FD1B81BDDF0081C9D8 /* UIResponder+Category.m */; };
		691368011B81BEC80081C9D8 /* UITableView+Category.m in Sources */ = {isa = PBXBuildFile; fileRef = 691368001B81BEC80081C9D8 /* UITableView+Category.m */; };
		691EC5C11B9FD11E0013D31A /* ForwardingTarget.m in Sources */ = {isa = PBXBuildFile; fileRef = 691EC5C01B9FD11E0013D31A /* ForwardingTarget.m */; };
		69204AFD1BB15B2E00CB4A85 /* item1.storyboard in Resources */ = {isa = PBXBuildFile; fileRef = 69204AFC1BB15B2E00CB4A85 /* item1.storyboard */; };
		69204AFF1BB15B3500CB4A85 /* item2.storyboard in Resources */ = {isa = PBXBuildFile; fileRef = 69204AFE1BB15B3500CB4A85 /* item2.storyboard */; };
		6931F0731BA945FC00D5A1FF /* umeng.txt in Resources */ = {isa = PBXBuildFile; fileRef = 6931F0721BA945FC00D5A1FF /* umeng.txt */; };
		694E411F1BB158F10022D3E2 /* MStory.storyboard in Resources */ = {isa = PBXBuildFile; fileRef = 694E411E1BB158F10022D3E2 /* MStory.storyboard */; };
		69507F7F1BA114A0006E3D60 /* Number.m in Sources */ = {isa = PBXBuildFile; fileRef = 69507F7E1BA114A0006E3D60 /* Number.m */; };
		6950A5411BAFAFAF002F1A0B /* UIButtonTarget.m in Sources */ = {isa = PBXBuildFile; fileRef = 6950A53E1BAFAFAF002F1A0B /* UIButtonTarget.m */; };
		6950A5421BAFAFAF002F1A0B /* UIViewController+Umeng.m in Sources */ = {isa = PBXBuildFile; fileRef = 6950A5401BAFAFAF002F1A0B /* UIViewController+Umeng.m */; };
		695628481BA65D6200054DFB /* UIView+EventID.m in Sources */ = {isa = PBXBuildFile; fileRef = 695628471BA65D6200054DFB /* UIView+EventID.m */; };
		695628511BA6735000054DFB /* BaseController.m in Sources */ = {isa = PBXBuildFile; fileRef = 695628501BA6735000054DFB /* BaseController.m */; };
		69573DC21B96D1E00085321D /* WebJSController.m in Sources */ = {isa = PBXBuildFile; fileRef = 69573DC11B96D1E00085321D /* WebJSController.m */; };
		69573DC41B96D35A0085321D /* test.js in Resources */ = {isa = PBXBuildFile; fileRef = 69573DC31B96D35A0085321D /* test.js */; };
		69573DC61B96D3FA0085321D /* test.html in Resources */ = {isa = PBXBuildFile; fileRef = 69573DC51B96D3FA0085321D /* test.html */; };
		69573DC81B96D50C0085321D /* JavaScriptCore.framework in Frameworks */ = {isa = PBXBuildFile; fileRef = 69573DC71B96D50C0085321D /* JavaScriptCore.framework */; };
		69573DD01B96E47A0085321D /* WebKit.framework in Frameworks */ = {isa = PBXBuildFile; fileRef = 69573DCF1B96E47A0085321D /* WebKit.framework */; };
		69573DD41B9BD35F0085321D /* MotionEffectViewController.m in Sources */ = {isa = PBXBuildFile; fileRef = 69573DD31B9BD35F0085321D /* MotionEffectViewController.m */; };
		69573DD81B9BD6260085321D /* motion.jpg in Resources */ = {isa = PBXBuildFile; fileRef = 69573DD71B9BD6260085321D /* motion.jpg */; };
		69573DDC1B9D7F090085321D /* Son.m in Sources */ = {isa = PBXBuildFile; fileRef = 69573DDB1B9D7F090085321D /* Son.m */; };
		69573DDF1B9D7F580085321D /* Father.m in Sources */ = {isa = PBXBuildFile; fileRef = 69573DDE1B9D7F580085321D /* Father.m */; };
		696129061BB38A5B000AAB3B /* Watchdog.m in Sources */ = {isa = PBXBuildFile; fileRef = 696129051BB38A5B000AAB3B /* Watchdog.m */; };
		697768161B3948DB00F6FDB9 /* WYDelayManager.m in Sources */ = {isa = PBXBuildFile; fileRef = 697768151B3948DB00F6FDB9 /* WYDelayManager.m */; };
		698612361BAFDE0A00DFD18E /* libsqlite3.dylib in Frameworks */ = {isa = PBXBuildFile; fileRef = 698612351BAFDE0A00DFD18E /* libsqlite3.dylib */; };
		698894071BEC9DF000D5D9B1 /* WYURLProtocol.m in Sources */ = {isa = PBXBuildFile; fileRef = 698894061BEC9DF000D5D9B1 /* WYURLProtocol.m */; };
		6988940A1BEC9E1500D5D9B1 /* NetMonitorViewController.m in Sources */ = {isa = PBXBuildFile; fileRef = 698894091BEC9E1500D5D9B1 /* NetMonitorViewController.m */; };
		6989F7491BA7AB17001374C0 /* PathAnimationController.m in Sources */ = {isa = PBXBuildFile; fileRef = 6989F7481BA7AB17001374C0 /* PathAnimationController.m */; };
		6989F7511BA7B73E001374C0 /* PathAnimationView.m in Sources */ = {isa = PBXBuildFile; fileRef = 6989F74E1BA7B73E001374C0 /* PathAnimationView.m */; };
		69A18F871BA2AD7E00C430D8 /* RuntimeController.m in Sources */ = {isa = PBXBuildFile; fileRef = 69A18F861BA2AD7E00C430D8 /* RuntimeController.m */; };
		69A18F8A1BA2D7EB00C430D8 /* UIButton+TouchUpInside.m in Sources */ = {isa = PBXBuildFile; fileRef = 69A18F891BA2D7EB00C430D8 /* UIButton+TouchUpInside.m */; };
		69B4CDDE1B57338F005737F3 /* LandscapeVideoController.m in Sources */ = {isa = PBXBuildFile; fileRef = 69B4CDDD1B57338F005737F3 /* LandscapeVideoController.m */; };
		69B4CDE11B573409005737F3 /* LandscapeVideoView.m in Sources */ = {isa = PBXBuildFile; fileRef = 69B4CDE01B573409005737F3 /* LandscapeVideoView.m */; };
		69B4CDE51B57A08F005737F3 /* change@3x.png in Resources */ = {isa = PBXBuildFile; fileRef = 69B4CDE41B57A08F005737F3 /* change@3x.png */; };
		69B4CDE91B57A3C4005737F3 /* NotifyController.m in Sources */ = {isa = PBXBuildFile; fileRef = 69B4CDE81B57A3C4005737F3 /* NotifyController.m */; };
		69B4CDEF1B57BC68005737F3 /* test.mp4 in Resources */ = {isa = PBXBuildFile; fileRef = 69B4CDEE1B57BC68005737F3 /* test.mp4 */; };
		69BD94771B8FFE2700DA5F19 /* UILabel+Path.m in Sources */ = {isa = PBXBuildFile; fileRef = 69BD94761B8FFE2700DA5F19 /* UILabel+Path.m */; };
		69BD947A1B8FFEB800DA5F19 /* UIBezierPath+TextPath.m in Sources */ = {isa = PBXBuildFile; fileRef = 69BD94791B8FFEB800DA5F19 /* UIBezierPath+TextPath.m */; };
		69BD947D1B8FFF9400DA5F19 /* UIView+Category.m in Sources */ = {isa = PBXBuildFile; fileRef = 69BD947C1B8FFF9400DA5F19 /* UIView+Category.m */; };
		69E1F4BB1BB2654A00805300 /* SuggestedColors.plist in Resources */ = {isa = PBXBuildFile; fileRef = 69E1F4BA1BB2654A00805300 /* SuggestedColors.plist */; };
		F43F50FC1B3857EA00F64CA6 /* TODO.md in Resources */ = {isa = PBXBuildFile; fileRef = F43F50FB1B3857EA00F64CA6 /* TODO.md */; };
		F47741BC1B9AC8E50035EF46 /* libsqlite3.dylib in Frameworks */ = {isa = PBXBuildFile; fileRef = F47741BB1B9AC8E50035EF46 /* libsqlite3.dylib */; };
		F4BDB1E41B3840AD0033E65D /* main.m in Sources */ = {isa = PBXBuildFile; fileRef = F4BDB1E31B3840AD0033E65D /* main.m */; };
		F4BDB1E71B3840AD0033E65D /* AppDelegate.m in Sources */ = {isa = PBXBuildFile; fileRef = F4BDB1E61B3840AD0033E65D /* AppDelegate.m */; };
		F4BDB1EA1B3840AD0033E65D /* ViewController.m in Sources */ = {isa = PBXBuildFile; fileRef = F4BDB1E91B3840AD0033E65D /* ViewController.m */; };
		F4BDB1ED1B3840AD0033E65D /* Main.storyboard in Resources */ = {isa = PBXBuildFile; fileRef = F4BDB1EB1B3840AD0033E65D /* Main.storyboard */; };
		F4BDB1EF1B3840AD0033E65D /* Images.xcassets in Resources */ = {isa = PBXBuildFile; fileRef = F4BDB1EE1B3840AD0033E65D /* Images.xcassets */; };
		F4BDB1F21B3840AD0033E65D /* LaunchScreen.xib in Resources */ = {isa = PBXBuildFile; fileRef = F4BDB1F01B3840AD0033E65D /* LaunchScreen.xib */; };
		F4BDB1FE1B3840AD0033E65D /* ProjectsTests.m in Sources */ = {isa = PBXBuildFile; fileRef = F4BDB1FD1B3840AD0033E65D /* ProjectsTests.m */; };
		F4BDB20E1B3841670033E65D /* TimerViewController.m in Sources */ = {isa = PBXBuildFile; fileRef = F4BDB20D1B3841670033E65D /* TimerViewController.m */; };
/* End PBXBuildFile section */

/* Begin PBXContainerItemProxy section */
		F4BDB1F81B3840AD0033E65D /* PBXContainerItemProxy */ = {
			isa = PBXContainerItemProxy;
			containerPortal = F4BDB1D61B3840AD0033E65D /* Project object */;
			proxyType = 1;
			remoteGlobalIDString = F4BDB1DD1B3840AD0033E65D;
			remoteInfo = Projects;
		};
/* End PBXContainerItemProxy section */

/* Begin PBXFileReference section */
		369D57773075BC175B031689 /* Pods.release.xcconfig */ = {isa = PBXFileReference; includeInIndex = 1; lastKnownFileType = text.xcconfig; name = Pods.release.xcconfig; path = "Pods/Target Support Files/Pods/Pods.release.xcconfig"; sourceTree = "<group>"; };
		691367BE1B819EA60081C9D8 /* DataBaseEngine.h */ = {isa = PBXFileReference; fileEncoding = 4; lastKnownFileType = sourcecode.c.h; path = DataBaseEngine.h; sourceTree = "<group>"; };
		691367BF1B819EA60081C9D8 /* DataBaseEngine.m */ = {isa = PBXFileReference; fileEncoding = 4; lastKnownFileType = sourcecode.c.objc; path = DataBaseEngine.m; sourceTree = "<group>"; };
		691367C01B819EA60081C9D8 /* WYDatabase.h */ = {isa = PBXFileReference; fileEncoding = 4; lastKnownFileType = sourcecode.c.h; path = WYDatabase.h; sourceTree = "<group>"; };
		691367C11B819EA60081C9D8 /* WYDatabase.m */ = {isa = PBXFileReference; fileEncoding = 4; lastKnownFileType = sourcecode.c.objc; path = WYDatabase.m; sourceTree = "<group>"; };
		691367C41B819EA60081C9D8 /* NSData+Category.h */ = {isa = PBXFileReference; fileEncoding = 4; lastKnownFileType = sourcecode.c.h; path = "NSData+Category.h"; sourceTree = "<group>"; };
		691367C51B819EA60081C9D8 /* NSData+Category.m */ = {isa = PBXFileReference; fileEncoding = 4; lastKnownFileType = sourcecode.c.objc; path = "NSData+Category.m"; sourceTree = "<group>"; };
		691367C61B819EA60081C9D8 /* NSDictionary+Category.h */ = {isa = PBXFileReference; fileEncoding = 4; lastKnownFileType = sourcecode.c.h; path = "NSDictionary+Category.h"; sourceTree = "<group>"; };
		691367C71B819EA60081C9D8 /* NSDictionary+Category.m */ = {isa = PBXFileReference; fileEncoding = 4; lastKnownFileType = sourcecode.c.objc; path = "NSDictionary+Category.m"; sourceTree = "<group>"; };
		691367C81B819EA60081C9D8 /* NSNull+Category.h */ = {isa = PBXFileReference; fileEncoding = 4; lastKnownFileType = sourcecode.c.h; path = "NSNull+Category.h"; sourceTree = "<group>"; };
		691367C91B819EA60081C9D8 /* NSNull+Category.m */ = {isa = PBXFileReference; fileEncoding = 4; lastKnownFileType = sourcecode.c.objc; path = "NSNull+Category.m"; sourceTree = "<group>"; };
		691367CA1B819EA60081C9D8 /* NSObject+Category.h */ = {isa = PBXFileReference; fileEncoding = 4; lastKnownFileType = sourcecode.c.h; path = "NSObject+Category.h"; sourceTree = "<group>"; };
		691367CB1B819EA60081C9D8 /* NSObject+Category.m */ = {isa = PBXFileReference; fileEncoding = 4; lastKnownFileType = sourcecode.c.objc; path = "NSObject+Category.m"; sourceTree = "<group>"; };
		691367CC1B819EA60081C9D8 /* NSString+Category.h */ = {isa = PBXFileReference; fileEncoding = 4; lastKnownFileType = sourcecode.c.h; path = "NSString+Category.h"; sourceTree = "<group>"; };
		691367CD1B819EA60081C9D8 /* NSString+Category.m */ = {isa = PBXFileReference; fileEncoding = 4; lastKnownFileType = sourcecode.c.objc; path = "NSString+Category.m"; sourceTree = "<group>"; };
		691367CE1B819EA60081C9D8 /* WYNSCategory.h */ = {isa = PBXFileReference; fileEncoding = 4; lastKnownFileType = sourcecode.c.h; path = WYNSCategory.h; sourceTree = "<group>"; };
		691367D01B819EA60081C9D8 /* UIActionSheet+Block.h */ = {isa = PBXFileReference; fileEncoding = 4; lastKnownFileType = sourcecode.c.h; path = "UIActionSheet+Block.h"; sourceTree = "<group>"; };
		691367D11B819EA60081C9D8 /* UIActionSheet+Block.m */ = {isa = PBXFileReference; fileEncoding = 4; lastKnownFileType = sourcecode.c.objc; path = "UIActionSheet+Block.m"; sourceTree = "<group>"; };
		691367D21B819EA60081C9D8 /* UIAlertView+Block.h */ = {isa = PBXFileReference; fileEncoding = 4; lastKnownFileType = sourcecode.c.h; path = "UIAlertView+Block.h"; sourceTree = "<group>"; };
		691367D31B819EA60081C9D8 /* UIAlertView+Block.m */ = {isa = PBXFileReference; fileEncoding = 4; lastKnownFileType = sourcecode.c.objc; path = "UIAlertView+Block.m"; sourceTree = "<group>"; };
		691367D41B819EA60081C9D8 /* UIButton+Block.h */ = {isa = PBXFileReference; fileEncoding = 4; lastKnownFileType = sourcecode.c.h; path = "UIButton+Block.h"; sourceTree = "<group>"; };
		691367D51B819EA60081C9D8 /* UIButton+Block.m */ = {isa = PBXFileReference; fileEncoding = 4; lastKnownFileType = sourcecode.c.objc; path = "UIButton+Block.m"; sourceTree = "<group>"; };
		691367D61B819EA60081C9D8 /* UIColor+Category.h */ = {isa = PBXFileReference; fileEncoding = 4; lastKnownFileType = sourcecode.c.h; path = "UIColor+Category.h"; sourceTree = "<group>"; };
		691367D71B819EA60081C9D8 /* UIColor+Category.m */ = {isa = PBXFileReference; fileEncoding = 4; lastKnownFileType = sourcecode.c.objc; path = "UIColor+Category.m"; sourceTree = "<group>"; };
		691367D81B819EA60081C9D8 /* UIImage+Category.h */ = {isa = PBXFileReference; fileEncoding = 4; lastKnownFileType = sourcecode.c.h; path = "UIImage+Category.h"; sourceTree = "<group>"; };
		691367D91B819EA60081C9D8 /* UIImage+Category.m */ = {isa = PBXFileReference; fileEncoding = 4; lastKnownFileType = sourcecode.c.objc; path = "UIImage+Category.m"; sourceTree = "<group>"; };
		691367DA1B819EA60081C9D8 /* UINavigationController+Animation.h */ = {isa = PBXFileReference; fileEncoding = 4; lastKnownFileType = sourcecode.c.h; path = "UINavigationController+Animation.h"; sourceTree = "<group>"; };
		691367DB1B819EA60081C9D8 /* UINavigationController+Animation.m */ = {isa = PBXFileReference; fileEncoding = 4; lastKnownFileType = sourcecode.c.objc; path = "UINavigationController+Animation.m"; sourceTree = "<group>"; };
		691367DC1B819EA60081C9D8 /* UIScrollView+Touches.h */ = {isa = PBXFileReference; fileEncoding = 4; lastKnownFileType = sourcecode.c.h; path = "UIScrollView+Touches.h"; sourceTree = "<group>"; };
		691367DD1B819EA60081C9D8 /* UIScrollView+Touches.m */ = {isa = PBXFileReference; fileEncoding = 4; lastKnownFileType = sourcecode.c.objc; path = "UIScrollView+Touches.m"; sourceTree = "<group>"; };
		691367E01B819EA60081C9D8 /* UIViewController+Category.h */ = {isa = PBXFileReference; fileEncoding = 4; lastKnownFileType = sourcecode.c.h; path = "UIViewController+Category.h"; sourceTree = "<group>"; };
		691367E11B819EA60081C9D8 /* UIViewController+Category.m */ = {isa = PBXFileReference; fileEncoding = 4; lastKnownFileType = sourcecode.c.objc; path = "UIViewController+Category.m"; sourceTree = "<group>"; };
		691367E21B819EA60081C9D8 /* WYUIKitCategory.h */ = {isa = PBXFileReference; fileEncoding = 4; lastKnownFileType = sourcecode.c.h; path = WYUIKitCategory.h; sourceTree = "<group>"; };
		691367E31B819EA60081C9D8 /* WYCategory.h */ = {isa = PBXFileReference; fileEncoding = 4; lastKnownFileType = sourcecode.c.h; path = WYCategory.h; sourceTree = "<group>"; };
		691367F51B819F430081C9D8 /* WYRadiusBorderView.h */ = {isa = PBXFileReference; fileEncoding = 4; lastKnownFileType = sourcecode.c.h; path = WYRadiusBorderView.h; sourceTree = "<group>"; };
		691367F61B819F430081C9D8 /* WYRadiusBorderView.m */ = {isa = PBXFileReference; fileEncoding = 4; lastKnownFileType = sourcecode.c.objc; path = WYRadiusBorderView.m; sourceTree = "<group>"; };
		691367F81B819F590081C9D8 /* WYUISubView.h */ = {isa = PBXFileReference; lastKnownFileType = sourcecode.c.h; path = WYUISubView.h; sourceTree = "<group>"; };
		691367F91B81B89B0081C9D8 /* NSDate+Category.h */ = {isa = PBXFileReference; fileEncoding = 4; lastKnownFileType = sourcecode.c.h; path = "NSDate+Category.h"; sourceTree = "<group>"; };
		691367FA1B81B89B0081C9D8 /* NSDate+Category.m */ = {isa = PBXFileReference; fileEncoding = 4; lastKnownFileType = sourcecode.c.objc; path = "NSDate+Category.m"; sourceTree = "<group>"; };
		691367FC1B81BDDF0081C9D8 /* UIResponder+Category.h */ = {isa = PBXFileReference; fileEncoding = 4; lastKnownFileType = sourcecode.c.h; path = "UIResponder+Category.h"; sourceTree = "<group>"; };
		691367FD1B81BDDF0081C9D8 /* UIResponder+Category.m */ = {isa = PBXFileReference; fileEncoding = 4; lastKnownFileType = sourcecode.c.objc; path = "UIResponder+Category.m"; sourceTree = "<group>"; };
		691367FF1B81BEC80081C9D8 /* UITableView+Category.h */ = {isa = PBXFileReference; fileEncoding = 4; lastKnownFileType = sourcecode.c.h; path = "UITableView+Category.h"; sourceTree = "<group>"; };
		691368001B81BEC80081C9D8 /* UITableView+Category.m */ = {isa = PBXFileReference; fileEncoding = 4; lastKnownFileType = sourcecode.c.objc; path = "UITableView+Category.m"; sourceTree = "<group>"; };
		691EC5BF1B9FD11E0013D31A /* ForwardingTarget.h */ = {isa = PBXFileReference; fileEncoding = 4; lastKnownFileType = sourcecode.c.h; name = ForwardingTarget.h; path = Runtime/ForwardingTarget.h; sourceTree = "<group>"; };
		691EC5C01B9FD11E0013D31A /* ForwardingTarget.m */ = {isa = PBXFileReference; fileEncoding = 4; lastKnownFileType = sourcecode.c.objc; name = ForwardingTarget.m; path = Runtime/ForwardingTarget.m; sourceTree = "<group>"; };
		69204AFC1BB15B2E00CB4A85 /* item1.storyboard */ = {isa = PBXFileReference; fileEncoding = 4; lastKnownFileType = file.storyboard; path = item1.storyboard; sourceTree = "<group>"; };
		69204AFE1BB15B3500CB4A85 /* item2.storyboard */ = {isa = PBXFileReference; fileEncoding = 4; lastKnownFileType = file.storyboard; path = item2.storyboard; sourceTree = "<group>"; };
		6931F0721BA945FC00D5A1FF /* umeng.txt */ = {isa = PBXFileReference; fileEncoding = 4; lastKnownFileType = text; path = umeng.txt; sourceTree = "<group>"; };
		694E411E1BB158F10022D3E2 /* MStory.storyboard */ = {isa = PBXFileReference; fileEncoding = 4; lastKnownFileType = file.storyboard; path = MStory.storyboard; sourceTree = "<group>"; };
		69507F7D1BA114A0006E3D60 /* Number.h */ = {isa = PBXFileReference; fileEncoding = 4; lastKnownFileType = sourcecode.c.h; name = Number.h; path = Runtime/Number.h; sourceTree = "<group>"; };
		69507F7E1BA114A0006E3D60 /* Number.m */ = {isa = PBXFileReference; fileEncoding = 4; lastKnownFileType = sourcecode.c.objc; name = Number.m; path = Runtime/Number.m; sourceTree = "<group>"; };
		6950A53D1BAFAFAF002F1A0B /* UIButtonTarget.h */ = {isa = PBXFileReference; fileEncoding = 4; lastKnownFileType = sourcecode.c.h; name = UIButtonTarget.h; path = Runtime/UIButtonTarget.h; sourceTree = "<group>"; };
		6950A53E1BAFAFAF002F1A0B /* UIButtonTarget.m */ = {isa = PBXFileReference; fileEncoding = 4; lastKnownFileType = sourcecode.c.objc; name = UIButtonTarget.m; path = Runtime/UIButtonTarget.m; sourceTree = "<group>"; };
		6950A53F1BAFAFAF002F1A0B /* UIViewController+Umeng.h */ = {isa = PBXFileReference; fileEncoding = 4; lastKnownFileType = sourcecode.c.h; name = "UIViewController+Umeng.h"; path = "Runtime/UIViewController+Umeng.h"; sourceTree = "<group>"; };
		6950A5401BAFAFAF002F1A0B /* UIViewController+Umeng.m */ = {isa = PBXFileReference; fileEncoding = 4; lastKnownFileType = sourcecode.c.objc; name = "UIViewController+Umeng.m"; path = "Runtime/UIViewController+Umeng.m"; sourceTree = "<group>"; };
		695628461BA65D6200054DFB /* UIView+EventID.h */ = {isa = PBXFileReference; fileEncoding = 4; lastKnownFileType = sourcecode.c.h; name = "UIView+EventID.h"; path = "Runtime/UIView+EventID.h"; sourceTree = "<group>"; };
		695628471BA65D6200054DFB /* UIView+EventID.m */ = {isa = PBXFileReference; fileEncoding = 4; lastKnownFileType = sourcecode.c.objc; name = "UIView+EventID.m"; path = "Runtime/UIView+EventID.m"; sourceTree = "<group>"; };
		6956284F1BA6735000054DFB /* BaseController.h */ = {isa = PBXFileReference; fileEncoding = 4; lastKnownFileType = sourcecode.c.h; name = BaseController.h; path = Runtime/BaseController.h; sourceTree = "<group>"; };
		695628501BA6735000054DFB /* BaseController.m */ = {isa = PBXFileReference; fileEncoding = 4; lastKnownFileType = sourcecode.c.objc; name = BaseController.m; path = Runtime/BaseController.m; sourceTree = "<group>"; };
		69573DC01B96D1E00085321D /* WebJSController.h */ = {isa = PBXFileReference; fileEncoding = 4; lastKnownFileType = sourcecode.c.h; name = WebJSController.h; path = WebJS/WebJSController.h; sourceTree = "<group>"; };
		69573DC11B96D1E00085321D /* WebJSController.m */ = {isa = PBXFileReference; fileEncoding = 4; lastKnownFileType = sourcecode.c.objc; name = WebJSController.m; path = WebJS/WebJSController.m; sourceTree = "<group>"; };
		69573DC31B96D35A0085321D /* test.js */ = {isa = PBXFileReference; fileEncoding = 4; lastKnownFileType = sourcecode.javascript; path = test.js; sourceTree = "<group>"; };
		69573DC51B96D3FA0085321D /* test.html */ = {isa = PBXFileReference; fileEncoding = 4; lastKnownFileType = text.html; path = test.html; sourceTree = "<group>"; };
		69573DC71B96D50C0085321D /* JavaScriptCore.framework */ = {isa = PBXFileReference; lastKnownFileType = wrapper.framework; name = JavaScriptCore.framework; path = System/Library/Frameworks/JavaScriptCore.framework; sourceTree = SDKROOT; };
		69573DCF1B96E47A0085321D /* WebKit.framework */ = {isa = PBXFileReference; lastKnownFileType = wrapper.framework; name = WebKit.framework; path = System/Library/Frameworks/WebKit.framework; sourceTree = SDKROOT; };
		69573DD21B9BD35F0085321D /* MotionEffectViewController.h */ = {isa = PBXFileReference; fileEncoding = 4; lastKnownFileType = sourcecode.c.h; name = MotionEffectViewController.h; path = Motion/MotionEffectViewController.h; sourceTree = "<group>"; };
		69573DD31B9BD35F0085321D /* MotionEffectViewController.m */ = {isa = PBXFileReference; fileEncoding = 4; lastKnownFileType = sourcecode.c.objc; name = MotionEffectViewController.m; path = Motion/MotionEffectViewController.m; sourceTree = "<group>"; };
		69573DD71B9BD6260085321D /* motion.jpg */ = {isa = PBXFileReference; lastKnownFileType = image.jpeg; path = motion.jpg; sourceTree = "<group>"; };
		69573DDA1B9D7F090085321D /* Son.h */ = {isa = PBXFileReference; fileEncoding = 4; lastKnownFileType = sourcecode.c.h; name = Son.h; path = Runtime/Son.h; sourceTree = "<group>"; };
		69573DDB1B9D7F090085321D /* Son.m */ = {isa = PBXFileReference; fileEncoding = 4; lastKnownFileType = sourcecode.c.objc; name = Son.m; path = Runtime/Son.m; sourceTree = "<group>"; };
		69573DDD1B9D7F580085321D /* Father.h */ = {isa = PBXFileReference; fileEncoding = 4; lastKnownFileType = sourcecode.c.h; name = Father.h; path = Runtime/Father.h; sourceTree = "<group>"; };
		69573DDE1B9D7F580085321D /* Father.m */ = {isa = PBXFileReference; fileEncoding = 4; lastKnownFileType = sourcecode.c.objc; name = Father.m; path = Runtime/Father.m; sourceTree = "<group>"; };
		696129041BB38A5B000AAB3B /* Watchdog.h */ = {isa = PBXFileReference; fileEncoding = 4; lastKnownFileType = sourcecode.c.h; path = Watchdog.h; sourceTree = "<group>"; };
		696129051BB38A5B000AAB3B /* Watchdog.m */ = {isa = PBXFileReference; fileEncoding = 4; lastKnownFileType = sourcecode.c.objc; path = Watchdog.m; sourceTree = "<group>"; };
		697768141B3948DB00F6FDB9 /* WYDelayManager.h */ = {isa = PBXFileReference; fileEncoding = 4; lastKnownFileType = sourcecode.c.h; path = WYDelayManager.h; sourceTree = "<group>"; };
		697768151B3948DB00F6FDB9 /* WYDelayManager.m */ = {isa = PBXFileReference; fileEncoding = 4; lastKnownFileType = sourcecode.c.objc; path = WYDelayManager.m; sourceTree = "<group>"; };
		697768171B397BC700F6FDB9 /* AppMacro.pch */ = {isa = PBXFileReference; fileEncoding = 4; lastKnownFileType = sourcecode.c.h; path = AppMacro.pch; sourceTree = "<group>"; };
		698612351BAFDE0A00DFD18E /* libsqlite3.dylib */ = {isa = PBXFileReference; lastKnownFileType = "compiled.mach-o.dylib"; name = libsqlite3.dylib; path = usr/lib/libsqlite3.dylib; sourceTree = SDKROOT; };
		698894051BEC9DF000D5D9B1 /* WYURLProtocol.h */ = {isa = PBXFileReference; fileEncoding = 4; lastKnownFileType = sourcecode.c.h; path = WYURLProtocol.h; sourceTree = "<group>"; };
		698894061BEC9DF000D5D9B1 /* WYURLProtocol.m */ = {isa = PBXFileReference; fileEncoding = 4; lastKnownFileType = sourcecode.c.objc; path = WYURLProtocol.m; sourceTree = "<group>"; };
		698894081BEC9E1500D5D9B1 /* NetMonitorViewController.h */ = {isa = PBXFileReference; fileEncoding = 4; lastKnownFileType = sourcecode.c.h; path = NetMonitorViewController.h; sourceTree = "<group>"; };
		698894091BEC9E1500D5D9B1 /* NetMonitorViewController.m */ = {isa = PBXFileReference; fileEncoding = 4; lastKnownFileType = sourcecode.c.objc; path = NetMonitorViewController.m; sourceTree = "<group>"; };
		6989F7471BA7AB17001374C0 /* PathAnimationController.h */ = {isa = PBXFileReference; fileEncoding = 4; lastKnownFileType = sourcecode.c.h; name = PathAnimationController.h; path = CGPathAnimation/PathAnimationController.h; sourceTree = "<group>"; };
		6989F7481BA7AB17001374C0 /* PathAnimationController.m */ = {isa = PBXFileReference; fileEncoding = 4; lastKnownFileType = sourcecode.c.objc; name = PathAnimationController.m; path = CGPathAnimation/PathAnimationController.m; sourceTree = "<group>"; };
		6989F74D1BA7B73E001374C0 /* PathAnimationView.h */ = {isa = PBXFileReference; fileEncoding = 4; lastKnownFileType = sourcecode.c.h; path = PathAnimationView.h; sourceTree = "<group>"; };
		6989F74E1BA7B73E001374C0 /* PathAnimationView.m */ = {isa = PBXFileReference; fileEncoding = 4; lastKnownFileType = sourcecode.c.objc; path = PathAnimationView.m; sourceTree = "<group>"; };
		69A18F851BA2AD7E00C430D8 /* RuntimeController.h */ = {isa = PBXFileReference; fileEncoding = 4; lastKnownFileType = sourcecode.c.h; name = RuntimeController.h; path = Runtime/RuntimeController.h; sourceTree = "<group>"; };
		69A18F861BA2AD7E00C430D8 /* RuntimeController.m */ = {isa = PBXFileReference; fileEncoding = 4; lastKnownFileType = sourcecode.c.objc; name = RuntimeController.m; path = Runtime/RuntimeController.m; sourceTree = "<group>"; };
		69A18F881BA2D7EB00C430D8 /* UIButton+TouchUpInside.h */ = {isa = PBXFileReference; fileEncoding = 4; lastKnownFileType = sourcecode.c.h; name = "UIButton+TouchUpInside.h"; path = "Runtime/UIButton+TouchUpInside.h"; sourceTree = "<group>"; };
		69A18F891BA2D7EB00C430D8 /* UIButton+TouchUpInside.m */ = {isa = PBXFileReference; fileEncoding = 4; lastKnownFileType = sourcecode.c.objc; name = "UIButton+TouchUpInside.m"; path = "Runtime/UIButton+TouchUpInside.m"; sourceTree = "<group>"; };
		69B4CDDC1B57338F005737F3 /* LandscapeVideoController.h */ = {isa = PBXFileReference; fileEncoding = 4; lastKnownFileType = sourcecode.c.h; name = LandscapeVideoController.h; path = LandscapeVideo/LandscapeVideoController.h; sourceTree = "<group>"; };
		69B4CDDD1B57338F005737F3 /* LandscapeVideoController.m */ = {isa = PBXFileReference; fileEncoding = 4; lastKnownFileType = sourcecode.c.objc; name = LandscapeVideoController.m; path = LandscapeVideo/LandscapeVideoController.m; sourceTree = "<group>"; };
		69B4CDDF1B573409005737F3 /* LandscapeVideoView.h */ = {isa = PBXFileReference; fileEncoding = 4; lastKnownFileType = sourcecode.c.h; name = LandscapeVideoView.h; path = LandscapeVideo/LandscapeVideoView.h; sourceTree = "<group>"; };
		69B4CDE01B573409005737F3 /* LandscapeVideoView.m */ = {isa = PBXFileReference; fileEncoding = 4; lastKnownFileType = sourcecode.c.objc; name = LandscapeVideoView.m; path = LandscapeVideo/LandscapeVideoView.m; sourceTree = "<group>"; };
		69B4CDE41B57A08F005737F3 /* change@3x.png */ = {isa = PBXFileReference; lastKnownFileType = image.png; path = "change@3x.png"; sourceTree = "<group>"; };
		69B4CDE71B57A3C4005737F3 /* NotifyController.h */ = {isa = PBXFileReference; fileEncoding = 4; lastKnownFileType = sourcecode.c.h; name = NotifyController.h; path = Nofify/NotifyController.h; sourceTree = "<group>"; };
		69B4CDE81B57A3C4005737F3 /* NotifyController.m */ = {isa = PBXFileReference; fileEncoding = 4; lastKnownFileType = sourcecode.c.objc; name = NotifyController.m; path = Nofify/NotifyController.m; sourceTree = "<group>"; };
		69B4CDEE1B57BC68005737F3 /* test.mp4 */ = {isa = PBXFileReference; lastKnownFileType = file; path = test.mp4; sourceTree = "<group>"; };
		69BD94751B8FFE2700DA5F19 /* UILabel+Path.h */ = {isa = PBXFileReference; fileEncoding = 4; lastKnownFileType = sourcecode.c.h; path = "UILabel+Path.h"; sourceTree = "<group>"; };
		69BD94761B8FFE2700DA5F19 /* UILabel+Path.m */ = {isa = PBXFileReference; fileEncoding = 4; lastKnownFileType = sourcecode.c.objc; path = "UILabel+Path.m"; sourceTree = "<group>"; };
		69BD94781B8FFEB800DA5F19 /* UIBezierPath+TextPath.h */ = {isa = PBXFileReference; fileEncoding = 4; lastKnownFileType = sourcecode.c.h; path = "UIBezierPath+TextPath.h"; sourceTree = "<group>"; };
		69BD94791B8FFEB800DA5F19 /* UIBezierPath+TextPath.m */ = {isa = PBXFileReference; fileEncoding = 4; lastKnownFileType = sourcecode.c.objc; path = "UIBezierPath+TextPath.m"; sourceTree = "<group>"; };
		69BD947B1B8FFF9400DA5F19 /* UIView+Category.h */ = {isa = PBXFileReference; fileEncoding = 4; lastKnownFileType = sourcecode.c.h; path = "UIView+Category.h"; sourceTree = "<group>"; };
		69BD947C1B8FFF9400DA5F19 /* UIView+Category.m */ = {isa = PBXFileReference; fileEncoding = 4; lastKnownFileType = sourcecode.c.objc; path = "UIView+Category.m"; sourceTree = "<group>"; };
		69E1F4BA1BB2654A00805300 /* SuggestedColors.plist */ = {isa = PBXFileReference; fileEncoding = 4; lastKnownFileType = text.plist.xml; path = SuggestedColors.plist; sourceTree = "<group>"; };
		9BDB0B1E051F2FAC33DB0DAE /* Pods.debug.xcconfig */ = {isa = PBXFileReference; includeInIndex = 1; lastKnownFileType = text.xcconfig; name = Pods.debug.xcconfig; path = "Pods/Target Support Files/Pods/Pods.debug.xcconfig"; sourceTree = "<group>"; };
		DAF74B3E260E9E40264DC2EB /* libPods.a */ = {isa = PBXFileReference; explicitFileType = archive.ar; includeInIndex = 0; path = libPods.a; sourceTree = BUILT_PRODUCTS_DIR; };
		F43F50FB1B3857EA00F64CA6 /* TODO.md */ = {isa = PBXFileReference; fileEncoding = 4; lastKnownFileType = net.daringfireball.markdown; path = TODO.md; sourceTree = "<group>"; };
		F47741BB1B9AC8E50035EF46 /* libsqlite3.dylib */ = {isa = PBXFileReference; lastKnownFileType = "compiled.mach-o.dylib"; name = libsqlite3.dylib; path = usr/lib/libsqlite3.dylib; sourceTree = SDKROOT; };
		F4BDB1DE1B3840AD0033E65D /* Projects.app */ = {isa = PBXFileReference; explicitFileType = wrapper.application; includeInIndex = 0; path = Projects.app; sourceTree = BUILT_PRODUCTS_DIR; };
		F4BDB1E21B3840AD0033E65D /* Info.plist */ = {isa = PBXFileReference; lastKnownFileType = text.plist.xml; path = Info.plist; sourceTree = "<group>"; };
		F4BDB1E31B3840AD0033E65D /* main.m */ = {isa = PBXFileReference; lastKnownFileType = sourcecode.c.objc; path = main.m; sourceTree = "<group>"; };
		F4BDB1E51B3840AD0033E65D /* AppDelegate.h */ = {isa = PBXFileReference; lastKnownFileType = sourcecode.c.h; path = AppDelegate.h; sourceTree = "<group>"; };
		F4BDB1E61B3840AD0033E65D /* AppDelegate.m */ = {isa = PBXFileReference; lastKnownFileType = sourcecode.c.objc; path = AppDelegate.m; sourceTree = "<group>"; };
		F4BDB1E81B3840AD0033E65D /* ViewController.h */ = {isa = PBXFileReference; lastKnownFileType = sourcecode.c.h; path = ViewController.h; sourceTree = "<group>"; };
		F4BDB1E91B3840AD0033E65D /* ViewController.m */ = {isa = PBXFileReference; lastKnownFileType = sourcecode.c.objc; path = ViewController.m; sourceTree = "<group>"; };
		F4BDB1EC1B3840AD0033E65D /* Base */ = {isa = PBXFileReference; lastKnownFileType = file.storyboard; name = Base; path = Base.lproj/Main.storyboard; sourceTree = "<group>"; };
		F4BDB1EE1B3840AD0033E65D /* Images.xcassets */ = {isa = PBXFileReference; lastKnownFileType = folder.assetcatalog; path = Images.xcassets; sourceTree = "<group>"; };
		F4BDB1F11B3840AD0033E65D /* Base */ = {isa = PBXFileReference; lastKnownFileType = file.xib; name = Base; path = Base.lproj/LaunchScreen.xib; sourceTree = "<group>"; };
		F4BDB1F71B3840AD0033E65D /* ProjectsTests.xctest */ = {isa = PBXFileReference; explicitFileType = wrapper.cfbundle; includeInIndex = 0; path = ProjectsTests.xctest; sourceTree = BUILT_PRODUCTS_DIR; };
		F4BDB1FC1B3840AD0033E65D /* Info.plist */ = {isa = PBXFileReference; lastKnownFileType = text.plist.xml; path = Info.plist; sourceTree = "<group>"; };
		F4BDB1FD1B3840AD0033E65D /* ProjectsTests.m */ = {isa = PBXFileReference; lastKnownFileType = sourcecode.c.objc; path = ProjectsTests.m; sourceTree = "<group>"; };
		F4BDB20C1B3841670033E65D /* TimerViewController.h */ = {isa = PBXFileReference; fileEncoding = 4; lastKnownFileType = sourcecode.c.h; path = TimerViewController.h; sourceTree = "<group>"; };
		F4BDB20D1B3841670033E65D /* TimerViewController.m */ = {isa = PBXFileReference; fileEncoding = 4; lastKnownFileType = sourcecode.c.objc; path = TimerViewController.m; sourceTree = "<group>"; };
/* End PBXFileReference section */

/* Begin PBXFrameworksBuildPhase section */
		F4BDB1DB1B3840AD0033E65D /* Frameworks */ = {
			isa = PBXFrameworksBuildPhase;
			buildActionMask = 2147483647;
			files = (
				691D9EEE1B81C8AE00559F04 /* libsqlite3.0.tbd in Frameworks */,
				698612361BAFDE0A00DFD18E /* libsqlite3.dylib in Frameworks */,
				69573DD01B96E47A0085321D /* WebKit.framework in Frameworks */,
				69573DC81B96D50C0085321D /* JavaScriptCore.framework in Frameworks */,
				4B7AFCD4420E69C8A72B5058 /* libPods.a in Frameworks */,
			);
			runOnlyForDeploymentPostprocessing = 0;
		};
		F4BDB1F41B3840AD0033E65D /* Frameworks */ = {
			isa = PBXFrameworksBuildPhase;
			buildActionMask = 2147483647;
			files = (
			);
			runOnlyForDeploymentPostprocessing = 0;
		};
/* End PBXFrameworksBuildPhase section */

/* Begin PBXGroup section */
		1C95D35E88DAD01E76D081F6 /* Pods */ = {
			isa = PBXGroup;
			children = (
				9BDB0B1E051F2FAC33DB0DAE /* Pods.debug.xcconfig */,
				369D57773075BC175B031689 /* Pods.release.xcconfig */,
			);
			name = Pods;
			sourceTree = "<group>";
		};
		691367BC1B819E870081C9D8 /* Depands */ = {
			isa = PBXGroup;
			children = (
				691367BD1B819EA60081C9D8 /* Database */,
				691367C21B819EA60081C9D8 /* WYCategory */,
			);
			name = Depands;
			sourceTree = "<group>";
		};
		691367BD1B819EA60081C9D8 /* Database */ = {
			isa = PBXGroup;
			children = (
				691367BE1B819EA60081C9D8 /* DataBaseEngine.h */,
				691367BF1B819EA60081C9D8 /* DataBaseEngine.m */,
				691367C01B819EA60081C9D8 /* WYDatabase.h */,
				691367C11B819EA60081C9D8 /* WYDatabase.m */,
			);
			path = Database;
			sourceTree = "<group>";
		};
		691367C21B819EA60081C9D8 /* WYCategory */ = {
			isa = PBXGroup;
			children = (
				691367F41B819F430081C9D8 /* UISubView */,
				691367C31B819EA60081C9D8 /* NSCategory */,
				691367CF1B819EA60081C9D8 /* UICategory */,
				691367E31B819EA60081C9D8 /* WYCategory.h */,
			);
			path = WYCategory;
			sourceTree = "<group>";
		};
		691367C31B819EA60081C9D8 /* NSCategory */ = {
			isa = PBXGroup;
			children = (
				691367C81B819EA60081C9D8 /* NSNull+Category.h */,
				691367C91B819EA60081C9D8 /* NSNull+Category.m */,
				691367F91B81B89B0081C9D8 /* NSDate+Category.h */,
				691367FA1B81B89B0081C9D8 /* NSDate+Category.m */,
				691367C41B819EA60081C9D8 /* NSData+Category.h */,
				691367C51B819EA60081C9D8 /* NSData+Category.m */,
				691367CC1B819EA60081C9D8 /* NSString+Category.h */,
				691367CD1B819EA60081C9D8 /* NSString+Category.m */,
				691367CA1B819EA60081C9D8 /* NSObject+Category.h */,
				691367CB1B819EA60081C9D8 /* NSObject+Category.m */,
				691367C61B819EA60081C9D8 /* NSDictionary+Category.h */,
				691367C71B819EA60081C9D8 /* NSDictionary+Category.m */,
				691367CE1B819EA60081C9D8 /* WYNSCategory.h */,
			);
			path = NSCategory;
			sourceTree = "<group>";
		};
		691367CF1B819EA60081C9D8 /* UICategory */ = {
			isa = PBXGroup;
			children = (
				69BD94751B8FFE2700DA5F19 /* UILabel+Path.h */,
				69BD94761B8FFE2700DA5F19 /* UILabel+Path.m */,
				691367D41B819EA60081C9D8 /* UIButton+Block.h */,
				691367D51B819EA60081C9D8 /* UIButton+Block.m */,
				69BD947B1B8FFF9400DA5F19 /* UIView+Category.h */,
				69BD947C1B8FFF9400DA5F19 /* UIView+Category.m */,
				691367D61B819EA60081C9D8 /* UIColor+Category.h */,
				691367D71B819EA60081C9D8 /* UIColor+Category.m */,
				691367D21B819EA60081C9D8 /* UIAlertView+Block.h */,
				691367D31B819EA60081C9D8 /* UIAlertView+Block.m */,
				691367D81B819EA60081C9D8 /* UIImage+Category.h */,
				691367D91B819EA60081C9D8 /* UIImage+Category.m */,
				691367D01B819EA60081C9D8 /* UIActionSheet+Block.h */,
				691367D11B819EA60081C9D8 /* UIActionSheet+Block.m */,
				691367DC1B819EA60081C9D8 /* UIScrollView+Touches.h */,
				691367DD1B819EA60081C9D8 /* UIScrollView+Touches.m */,
				691367FF1B81BEC80081C9D8 /* UITableView+Category.h */,
				691368001B81BEC80081C9D8 /* UITableView+Category.m */,
				69BD94781B8FFEB800DA5F19 /* UIBezierPath+TextPath.h */,
				69BD94791B8FFEB800DA5F19 /* UIBezierPath+TextPath.m */,
				691367FC1B81BDDF0081C9D8 /* UIResponder+Category.h */,
				691367FD1B81BDDF0081C9D8 /* UIResponder+Category.m */,
				691367E01B819EA60081C9D8 /* UIViewController+Category.h */,
				691367E11B819EA60081C9D8 /* UIViewController+Category.m */,
				691367DA1B819EA60081C9D8 /* UINavigationController+Animation.h */,
				691367DB1B819EA60081C9D8 /* UINavigationController+Animation.m */,
				691367E21B819EA60081C9D8 /* WYUIKitCategory.h */,
			);
			path = UICategory;
			sourceTree = "<group>";
		};
		691367F41B819F430081C9D8 /* UISubView */ = {
			isa = PBXGroup;
			children = (
				691367F51B819F430081C9D8 /* WYRadiusBorderView.h */,
				691367F61B819F430081C9D8 /* WYRadiusBorderView.m */,
				691367F81B819F590081C9D8 /* WYUISubView.h */,
			);
			path = UISubView;
			sourceTree = "<group>";
		};
		6950A5431BAFAFB7002F1A0B /* Umeng Event */ = {
			isa = PBXGroup;
			children = (
				695628461BA65D6200054DFB /* UIView+EventID.h */,
				695628471BA65D6200054DFB /* UIView+EventID.m */,
				6950A53D1BAFAFAF002F1A0B /* UIButtonTarget.h */,
				6950A53E1BAFAFAF002F1A0B /* UIButtonTarget.m */,
				69A18F881BA2D7EB00C430D8 /* UIButton+TouchUpInside.h */,
				69A18F891BA2D7EB00C430D8 /* UIButton+TouchUpInside.m */,
				6950A53F1BAFAFAF002F1A0B /* UIViewController+Umeng.h */,
				6950A5401BAFAFAF002F1A0B /* UIViewController+Umeng.m */,
			);
			name = "Umeng Event";
			sourceTree = "<group>";
		};
		69573DBF1B96D1A80085321D /* WebJS */ = {
			isa = PBXGroup;
			children = (
				69573DC51B96D3FA0085321D /* test.html */,
				69573DC31B96D35A0085321D /* test.js */,
				69573DC01B96D1E00085321D /* WebJSController.h */,
				69573DC11B96D1E00085321D /* WebJSController.m */,
			);
			name = WebJS;
			sourceTree = "<group>";
		};
		69573DD11B9BD3360085321D /* MotionEffect */ = {
			isa = PBXGroup;
			children = (
				69573DD71B9BD6260085321D /* motion.jpg */,
				69573DD21B9BD35F0085321D /* MotionEffectViewController.h */,
				69573DD31B9BD35F0085321D /* MotionEffectViewController.m */,
			);
			name = MotionEffect;
			sourceTree = "<group>";
		};
		69573DD91B9D7EE70085321D /* Runtime */ = {
			isa = PBXGroup;
			children = (
				6950A5431BAFAFB7002F1A0B /* Umeng Event */,
				69573DDD1B9D7F580085321D /* Father.h */,
				69573DDE1B9D7F580085321D /* Father.m */,
				69573DDA1B9D7F090085321D /* Son.h */,
				69573DDB1B9D7F090085321D /* Son.m */,
				69507F7D1BA114A0006E3D60 /* Number.h */,
				69507F7E1BA114A0006E3D60 /* Number.m */,
				691EC5BF1B9FD11E0013D31A /* ForwardingTarget.h */,
				691EC5C01B9FD11E0013D31A /* ForwardingTarget.m */,
				6956284F1BA6735000054DFB /* BaseController.h */,
				695628501BA6735000054DFB /* BaseController.m */,
				69A18F851BA2AD7E00C430D8 /* RuntimeController.h */,
				69A18F861BA2AD7E00C430D8 /* RuntimeController.m */,
			);
			name = Runtime;
			sourceTree = "<group>";
		};
		698894041BEC9DA500D5D9B1 /* NetMonitor */ = {
			isa = PBXGroup;
			children = (
				698894081BEC9E1500D5D9B1 /* NetMonitorViewController.h */,
				698894091BEC9E1500D5D9B1 /* NetMonitorViewController.m */,
				698894051BEC9DF000D5D9B1 /* WYURLProtocol.h */,
				698894061BEC9DF000D5D9B1 /* WYURLProtocol.m */,
			);
			path = NetMonitor;
			sourceTree = "<group>";
		};
		6989F7461BA7AAF8001374C0 /* CGPathAnimation */ = {
			isa = PBXGroup;
			children = (
				6989F7471BA7AB17001374C0 /* PathAnimationController.h */,
				6989F7481BA7AB17001374C0 /* PathAnimationController.m */,
				6989F74D1BA7B73E001374C0 /* PathAnimationView.h */,
				6989F74E1BA7B73E001374C0 /* PathAnimationView.m */,
			);
			name = CGPathAnimation;
			sourceTree = "<group>";
		};
		69B4CDDB1B5732D3005737F3 /* LandscapeVideo */ = {
			isa = PBXGroup;
			children = (
				69B4CDEE1B57BC68005737F3 /* test.mp4 */,
				69B4CDE41B57A08F005737F3 /* change@3x.png */,
				69B4CDDC1B57338F005737F3 /* LandscapeVideoController.h */,
				69B4CDDD1B57338F005737F3 /* LandscapeVideoController.m */,
				69B4CDDF1B573409005737F3 /* LandscapeVideoView.h */,
				69B4CDE01B573409005737F3 /* LandscapeVideoView.m */,
			);
			name = LandscapeVideo;
			sourceTree = "<group>";
		};
		69B4CDE61B57A39A005737F3 /* Notify */ = {
			isa = PBXGroup;
			children = (
				69B4CDE71B57A3C4005737F3 /* NotifyController.h */,
				69B4CDE81B57A3C4005737F3 /* NotifyController.m */,
			);
			name = Notify;
			sourceTree = "<group>";
		};
		69B5758D1BB0FC8100A6584D /* Watchdog */ = {
			isa = PBXGroup;
			children = (
			);
			name = Watchdog;
			sourceTree = "<group>";
		};
		F4BDB1D51B3840AD0033E65D = {
			isa = PBXGroup;
			children = (
				F4BDB1E01B3840AD0033E65D /* Projects */,
				F4BDB1FA1B3840AD0033E65D /* ProjectsTests */,
				F4BDB1DF1B3840AD0033E65D /* Products */,
				1C95D35E88DAD01E76D081F6 /* Pods */,
				FAF45AC0DE5F6DAE108261A4 /* Frameworks */,
			);
			sourceTree = "<group>";
		};
		F4BDB1DF1B3840AD0033E65D /* Products */ = {
			isa = PBXGroup;
			children = (
				F4BDB1DE1B3840AD0033E65D /* Projects.app */,
				F4BDB1F71B3840AD0033E65D /* ProjectsTests.xctest */,
			);
			name = Products;
			sourceTree = "<group>";
		};
		F4BDB1E01B3840AD0033E65D /* Projects */ = {
			isa = PBXGroup;
			children = (
				69B5758D1BB0FC8100A6584D /* Watchdog */,
				6989F7461BA7AAF8001374C0 /* CGPathAnimation */,
				69573DD91B9D7EE70085321D /* Runtime */,
				69573DD11B9BD3360085321D /* MotionEffect */,
				691367BC1B819E870081C9D8 /* Depands */,
				69B4CDE61B57A39A005737F3 /* Notify */,
				69B4CDDB1B5732D3005737F3 /* LandscapeVideo */,
				F4BDB20B1B3841670033E65D /* Timer+GCD+Perfomer */,
				69573DBF1B96D1A80085321D /* WebJS */,
				698894041BEC9DA500D5D9B1 /* NetMonitor */,
				F4BDB1E51B3840AD0033E65D /* AppDelegate.h */,
				F4BDB1E61B3840AD0033E65D /* AppDelegate.m */,
				696129041BB38A5B000AAB3B /* Watchdog.h */,
				696129051BB38A5B000AAB3B /* Watchdog.m */,
				6931F0721BA945FC00D5A1FF /* umeng.txt */,
				697768171B397BC700F6FDB9 /* AppMacro.pch */,
				F4BDB1E81B3840AD0033E65D /* ViewController.h */,
				F4BDB1E91B3840AD0033E65D /* ViewController.m */,
				69204AFC1BB15B2E00CB4A85 /* item1.storyboard */,
				69204AFE1BB15B3500CB4A85 /* item2.storyboard */,
				694E411E1BB158F10022D3E2 /* MStory.storyboard */,
				F4BDB1EB1B3840AD0033E65D /* Main.storyboard */,
				F4BDB1EE1B3840AD0033E65D /* Images.xcassets */,
				F4BDB1F01B3840AD0033E65D /* LaunchScreen.xib */,
				F4BDB1E11B3840AD0033E65D /* Supporting Files */,
			);
			path = Projects;
			sourceTree = "<group>";
		};
		F4BDB1E11B3840AD0033E65D /* Supporting Files */ = {
			isa = PBXGroup;
			children = (
				F4BDB1E21B3840AD0033E65D /* Info.plist */,
				F4BDB1E31B3840AD0033E65D /* main.m */,
				F43F50FB1B3857EA00F64CA6 /* TODO.md */,
				69E1F4BA1BB2654A00805300 /* SuggestedColors.plist */,
			);
			name = "Supporting Files";
			sourceTree = "<group>";
		};
		F4BDB1FA1B3840AD0033E65D /* ProjectsTests */ = {
			isa = PBXGroup;
			children = (
				F4BDB1FD1B3840AD0033E65D /* ProjectsTests.m */,
				F4BDB1FB1B3840AD0033E65D /* Supporting Files */,
			);
			path = ProjectsTests;
			sourceTree = "<group>";
		};
		F4BDB1FB1B3840AD0033E65D /* Supporting Files */ = {
			isa = PBXGroup;
			children = (
				F4BDB1FC1B3840AD0033E65D /* Info.plist */,
			);
			name = "Supporting Files";
			sourceTree = "<group>";
		};
		F4BDB20B1B3841670033E65D /* Timer+GCD+Perfomer */ = {
			isa = PBXGroup;
			children = (
				F4BDB20C1B3841670033E65D /* TimerViewController.h */,
				F4BDB20D1B3841670033E65D /* TimerViewController.m */,
				697768141B3948DB00F6FDB9 /* WYDelayManager.h */,
				697768151B3948DB00F6FDB9 /* WYDelayManager.m */,
			);
			path = "Timer+GCD+Perfomer";
			sourceTree = "<group>";
		};
		FAF45AC0DE5F6DAE108261A4 /* Frameworks */ = {
			isa = PBXGroup;
			children = (
				691D9EED1B81C8AE00559F04 /* libsqlite3.0.tbd */,
				698612351BAFDE0A00DFD18E /* libsqlite3.dylib */,
				69573DCF1B96E47A0085321D /* WebKit.framework */,
				69573DC71B96D50C0085321D /* JavaScriptCore.framework */,
				DAF74B3E260E9E40264DC2EB /* libPods.a */,
			);
			name = Frameworks;
			sourceTree = "<group>";
		};
/* End PBXGroup section */

/* Begin PBXNativeTarget section */
		F4BDB1DD1B3840AD0033E65D /* Projects */ = {
			isa = PBXNativeTarget;
			buildConfigurationList = F4BDB2011B3840AD0033E65D /* Build configuration list for PBXNativeTarget "Projects" */;
			buildPhases = (
				5AA2F20A6EBB37319E2E0ABC /* Check Pods Manifest.lock */,
				F4BDB1DA1B3840AD0033E65D /* Sources */,
				F4BDB1DB1B3840AD0033E65D /* Frameworks */,
				F4BDB1DC1B3840AD0033E65D /* Resources */,
				6AEEB17C33E6EB9DDC134B1D /* Copy Pods Resources */,
				C7B84D40006F1EDFF0645FA7 /* Embed Pods Frameworks */,
			);
			buildRules = (
			);
			dependencies = (
			);
			name = Projects;
			productName = Projects;
			productReference = F4BDB1DE1B3840AD0033E65D /* Projects.app */;
			productType = "com.apple.product-type.application";
		};
		F4BDB1F61B3840AD0033E65D /* ProjectsTests */ = {
			isa = PBXNativeTarget;
			buildConfigurationList = F4BDB2041B3840AD0033E65D /* Build configuration list for PBXNativeTarget "ProjectsTests" */;
			buildPhases = (
				F4BDB1F31B3840AD0033E65D /* Sources */,
				F4BDB1F41B3840AD0033E65D /* Frameworks */,
				F4BDB1F51B3840AD0033E65D /* Resources */,
			);
			buildRules = (
			);
			dependencies = (
				F4BDB1F91B3840AD0033E65D /* PBXTargetDependency */,
			);
			name = ProjectsTests;
			productName = ProjectsTests;
			productReference = F4BDB1F71B3840AD0033E65D /* ProjectsTests.xctest */;
			productType = "com.apple.product-type.bundle.unit-test";
		};
/* End PBXNativeTarget section */

/* Begin PBXProject section */
		F4BDB1D61B3840AD0033E65D /* Project object */ = {
			isa = PBXProject;
			attributes = {
				LastUpgradeCheck = 0630;
				ORGANIZATIONNAME = ikefou.com;
				TargetAttributes = {
					F4BDB1DD1B3840AD0033E65D = {
						CreatedOnToolsVersion = 6.3.2;
					};
					F4BDB1F61B3840AD0033E65D = {
						CreatedOnToolsVersion = 6.3.2;
						TestTargetID = F4BDB1DD1B3840AD0033E65D;
					};
				};
			};
			buildConfigurationList = F4BDB1D91B3840AD0033E65D /* Build configuration list for PBXProject "Projects" */;
			compatibilityVersion = "Xcode 3.2";
			developmentRegion = English;
			hasScannedForEncodings = 0;
			knownRegions = (
				en,
				Base,
			);
			mainGroup = F4BDB1D51B3840AD0033E65D;
			productRefGroup = F4BDB1DF1B3840AD0033E65D /* Products */;
			projectDirPath = "";
			projectRoot = "";
			targets = (
				F4BDB1DD1B3840AD0033E65D /* Projects */,
				F4BDB1F61B3840AD0033E65D /* ProjectsTests */,
			);
		};
/* End PBXProject section */

/* Begin PBXResourcesBuildPhase section */
		F4BDB1DC1B3840AD0033E65D /* Resources */ = {
			isa = PBXResourcesBuildPhase;
			buildActionMask = 2147483647;
			files = (
				69E1F4BB1BB2654A00805300 /* SuggestedColors.plist in Resources */,
				69B4CDE51B57A08F005737F3 /* change@3x.png in Resources */,
				F4BDB1ED1B3840AD0033E65D /* Main.storyboard in Resources */,
				69573DC41B96D35A0085321D /* test.js in Resources */,
				69B4CDEF1B57BC68005737F3 /* test.mp4 in Resources */,
				69204AFF1BB15B3500CB4A85 /* item2.storyboard in Resources */,
				F4BDB1F21B3840AD0033E65D /* LaunchScreen.xib in Resources */,
				F43F50FC1B3857EA00F64CA6 /* TODO.md in Resources */,
				F4BDB1EF1B3840AD0033E65D /* Images.xcassets in Resources */,
				69204AFD1BB15B2E00CB4A85 /* item1.storyboard in Resources */,
				694E411F1BB158F10022D3E2 /* MStory.storyboard in Resources */,
				69573DD81B9BD6260085321D /* motion.jpg in Resources */,
				69573DC61B96D3FA0085321D /* test.html in Resources */,
				6931F0731BA945FC00D5A1FF /* umeng.txt in Resources */,
			);
			runOnlyForDeploymentPostprocessing = 0;
		};
		F4BDB1F51B3840AD0033E65D /* Resources */ = {
			isa = PBXResourcesBuildPhase;
			buildActionMask = 2147483647;
			files = (
			);
			runOnlyForDeploymentPostprocessing = 0;
		};
/* End PBXResourcesBuildPhase section */

/* Begin PBXShellScriptBuildPhase section */
		5AA2F20A6EBB37319E2E0ABC /* Check Pods Manifest.lock */ = {
			isa = PBXShellScriptBuildPhase;
			buildActionMask = 2147483647;
			files = (
			);
			inputPaths = (
			);
			name = "Check Pods Manifest.lock";
			outputPaths = (
			);
			runOnlyForDeploymentPostprocessing = 0;
			shellPath = /bin/sh;
			shellScript = "diff \"${PODS_ROOT}/../Podfile.lock\" \"${PODS_ROOT}/Manifest.lock\" > /dev/null\nif [[ $? != 0 ]] ; then\n    cat << EOM\nerror: The sandbox is not in sync with the Podfile.lock. Run 'pod install' or update your CocoaPods installation.\nEOM\n    exit 1\nfi\n";
			showEnvVarsInLog = 0;
		};
		6AEEB17C33E6EB9DDC134B1D /* Copy Pods Resources */ = {
			isa = PBXShellScriptBuildPhase;
			buildActionMask = 2147483647;
			files = (
			);
			inputPaths = (
			);
			name = "Copy Pods Resources";
			outputPaths = (
			);
			runOnlyForDeploymentPostprocessing = 0;
			shellPath = /bin/sh;
			shellScript = "\"${SRCROOT}/Pods/Target Support Files/Pods/Pods-resources.sh\"\n";
			showEnvVarsInLog = 0;
		};
		C7B84D40006F1EDFF0645FA7 /* Embed Pods Frameworks */ = {
			isa = PBXShellScriptBuildPhase;
			buildActionMask = 2147483647;
			files = (
			);
			inputPaths = (
			);
			name = "Embed Pods Frameworks";
			outputPaths = (
			);
			runOnlyForDeploymentPostprocessing = 0;
			shellPath = /bin/sh;
			shellScript = "\"${SRCROOT}/Pods/Target Support Files/Pods/Pods-frameworks.sh\"\n";
			showEnvVarsInLog = 0;
		};
/* End PBXShellScriptBuildPhase section */

/* Begin PBXSourcesBuildPhase section */
		F4BDB1DA1B3840AD0033E65D /* Sources */ = {
			isa = PBXSourcesBuildPhase;
			buildActionMask = 2147483647;
			files = (
				6988940A1BEC9E1500D5D9B1 /* NetMonitorViewController.m in Sources */,
				69573DC21B96D1E00085321D /* WebJSController.m in Sources */,
				F4BDB20E1B3841670033E65D /* TimerViewController.m in Sources */,
				69BD94771B8FFE2700DA5F19 /* UILabel+Path.m in Sources */,
				691367EC1B819EA60081C9D8 /* UIAlertView+Block.m in Sources */,
				F4BDB1EA1B3840AD0033E65D /* ViewController.m in Sources */,
				69B4CDE91B57A3C4005737F3 /* NotifyController.m in Sources */,
				696129061BB38A5B000AAB3B /* Watchdog.m in Sources */,
				691367F31B819EA60081C9D8 /* UIViewController+Category.m in Sources */,
				691EC5C11B9FD11E0013D31A /* ForwardingTarget.m in Sources */,
				691367E81B819EA60081C9D8 /* NSNull+Category.m in Sources */,
				6950A5421BAFAFAF002F1A0B /* UIViewController+Umeng.m in Sources */,
				697768161B3948DB00F6FDB9 /* WYDelayManager.m in Sources */,
				691368011B81BEC80081C9D8 /* UITableView+Category.m in Sources */,
				69B4CDDE1B57338F005737F3 /* LandscapeVideoController.m in Sources */,
				691367F01B819EA60081C9D8 /* UINavigationController+Animation.m in Sources */,
				69B4CDE11B573409005737F3 /* LandscapeVideoView.m in Sources */,
				691367E51B819EA60081C9D8 /* WYDatabase.m in Sources */,
				F4BDB1E71B3840AD0033E65D /* AppDelegate.m in Sources */,
				69507F7F1BA114A0006E3D60 /* Number.m in Sources */,
				691367E91B819EA60081C9D8 /* NSObject+Category.m in Sources */,
				691367FE1B81BDDF0081C9D8 /* UIResponder+Category.m in Sources */,
				F4BDB1E41B3840AD0033E65D /* main.m in Sources */,
				695628511BA6735000054DFB /* BaseController.m in Sources */,
				691367EB1B819EA60081C9D8 /* UIActionSheet+Block.m in Sources */,
				691367EE1B819EA60081C9D8 /* UIColor+Category.m in Sources */,
				691367F71B819F430081C9D8 /* WYRadiusBorderView.m in Sources */,
				6989F7511BA7B73E001374C0 /* PathAnimationView.m in Sources */,
				691367F11B819EA60081C9D8 /* UIScrollView+Touches.m in Sources */,
				691367FB1B81B89B0081C9D8 /* NSDate+Category.m in Sources */,
				691367E41B819EA60081C9D8 /* DataBaseEngine.m in Sources */,
				69A18F871BA2AD7E00C430D8 /* RuntimeController.m in Sources */,
				6989F7491BA7AB17001374C0 /* PathAnimationController.m in Sources */,
				691367E71B819EA60081C9D8 /* NSDictionary+Category.m in Sources */,
				695628481BA65D6200054DFB /* UIView+EventID.m in Sources */,
				69A18F8A1BA2D7EB00C430D8 /* UIButton+TouchUpInside.m in Sources */,
				69573DD41B9BD35F0085321D /* MotionEffectViewController.m in Sources */,
				691367ED1B819EA60081C9D8 /* UIButton+Block.m in Sources */,
				691367EA1B819EA60081C9D8 /* NSString+Category.m in Sources */,
				691367E61B819EA60081C9D8 /* NSData+Category.m in Sources */,
				691367EF1B819EA60081C9D8 /* UIImage+Category.m in Sources */,
				69573DDC1B9D7F090085321D /* Son.m in Sources */,
				6950A5411BAFAFAF002F1A0B /* UIButtonTarget.m in Sources */,
				69BD947D1B8FFF9400DA5F19 /* UIView+Category.m in Sources */,
				69BD947A1B8FFEB800DA5F19 /* UIBezierPath+TextPath.m in Sources */,
				69573DDF1B9D7F580085321D /* Father.m in Sources */,
				698894071BEC9DF000D5D9B1 /* WYURLProtocol.m in Sources */,
			);
			runOnlyForDeploymentPostprocessing = 0;
		};
		F4BDB1F31B3840AD0033E65D /* Sources */ = {
			isa = PBXSourcesBuildPhase;
			buildActionMask = 2147483647;
			files = (
				F4BDB1FE1B3840AD0033E65D /* ProjectsTests.m in Sources */,
			);
			runOnlyForDeploymentPostprocessing = 0;
		};
/* End PBXSourcesBuildPhase section */

/* Begin PBXTargetDependency section */
		F4BDB1F91B3840AD0033E65D /* PBXTargetDependency */ = {
			isa = PBXTargetDependency;
			target = F4BDB1DD1B3840AD0033E65D /* Projects */;
			targetProxy = F4BDB1F81B3840AD0033E65D /* PBXContainerItemProxy */;
		};
/* End PBXTargetDependency section */

/* Begin PBXVariantGroup section */
		F4BDB1EB1B3840AD0033E65D /* Main.storyboard */ = {
			isa = PBXVariantGroup;
			children = (
				F4BDB1EC1B3840AD0033E65D /* Base */,
			);
			name = Main.storyboard;
			sourceTree = "<group>";
		};
		F4BDB1F01B3840AD0033E65D /* LaunchScreen.xib */ = {
			isa = PBXVariantGroup;
			children = (
				F4BDB1F11B3840AD0033E65D /* Base */,
			);
			name = LaunchScreen.xib;
			sourceTree = "<group>";
		};
/* End PBXVariantGroup section */

/* Begin XCBuildConfiguration section */
		F4BDB1FF1B3840AD0033E65D /* Debug */ = {
			isa = XCBuildConfiguration;
			buildSettings = {
				ALWAYS_SEARCH_USER_PATHS = NO;
				CLANG_CXX_LANGUAGE_STANDARD = "gnu++0x";
				CLANG_CXX_LIBRARY = "libc++";
				CLANG_ENABLE_MODULES = YES;
				CLANG_ENABLE_OBJC_ARC = YES;
				CLANG_WARN_BOOL_CONVERSION = YES;
				CLANG_WARN_CONSTANT_CONVERSION = YES;
				CLANG_WARN_DIRECT_OBJC_ISA_USAGE = YES_ERROR;
				CLANG_WARN_EMPTY_BODY = YES;
				CLANG_WARN_ENUM_CONVERSION = YES;
				CLANG_WARN_INT_CONVERSION = YES;
				CLANG_WARN_OBJC_ROOT_CLASS = YES_ERROR;
				CLANG_WARN_UNREACHABLE_CODE = YES;
				CLANG_WARN__DUPLICATE_METHOD_MATCH = YES;
				"CODE_SIGN_IDENTITY[sdk=iphoneos*]" = "iPhone Developer";
				COPY_PHASE_STRIP = NO;
				DEBUG_INFORMATION_FORMAT = "dwarf-with-dsym";
				ENABLE_STRICT_OBJC_MSGSEND = YES;
				GCC_C_LANGUAGE_STANDARD = gnu99;
				GCC_DYNAMIC_NO_PIC = NO;
				GCC_INCREASE_PRECOMPILED_HEADER_SHARING = NO;
				GCC_NO_COMMON_BLOCKS = YES;
				GCC_OPTIMIZATION_LEVEL = 0;
				GCC_PRECOMPILE_PREFIX_HEADER = NO;
				GCC_PREFIX_HEADER = "";
				GCC_PREPROCESSOR_DEFINITIONS = (
					"DEBUG=1",
					"$(inherited)",
				);
				GCC_SYMBOLS_PRIVATE_EXTERN = NO;
				GCC_WARN_64_TO_32_BIT_CONVERSION = YES;
				GCC_WARN_ABOUT_RETURN_TYPE = YES_ERROR;
				GCC_WARN_UNDECLARED_SELECTOR = YES;
				GCC_WARN_UNINITIALIZED_AUTOS = YES_AGGRESSIVE;
				GCC_WARN_UNUSED_FUNCTION = YES;
				GCC_WARN_UNUSED_VARIABLE = YES;
				IPHONEOS_DEPLOYMENT_TARGET = 8.3;
				MTL_ENABLE_DEBUG_INFO = YES;
				ONLY_ACTIVE_ARCH = YES;
				SDKROOT = iphoneos;
			};
			name = Debug;
		};
		F4BDB2001B3840AD0033E65D /* Release */ = {
			isa = XCBuildConfiguration;
			buildSettings = {
				ALWAYS_SEARCH_USER_PATHS = NO;
				CLANG_CXX_LANGUAGE_STANDARD = "gnu++0x";
				CLANG_CXX_LIBRARY = "libc++";
				CLANG_ENABLE_MODULES = YES;
				CLANG_ENABLE_OBJC_ARC = YES;
				CLANG_WARN_BOOL_CONVERSION = YES;
				CLANG_WARN_CONSTANT_CONVERSION = YES;
				CLANG_WARN_DIRECT_OBJC_ISA_USAGE = YES_ERROR;
				CLANG_WARN_EMPTY_BODY = YES;
				CLANG_WARN_ENUM_CONVERSION = YES;
				CLANG_WARN_INT_CONVERSION = YES;
				CLANG_WARN_OBJC_ROOT_CLASS = YES_ERROR;
				CLANG_WARN_UNREACHABLE_CODE = YES;
				CLANG_WARN__DUPLICATE_METHOD_MATCH = YES;
				"CODE_SIGN_IDENTITY[sdk=iphoneos*]" = "iPhone Developer";
				COPY_PHASE_STRIP = NO;
				DEBUG_INFORMATION_FORMAT = "dwarf-with-dsym";
				ENABLE_NS_ASSERTIONS = NO;
				ENABLE_STRICT_OBJC_MSGSEND = YES;
				GCC_C_LANGUAGE_STANDARD = gnu99;
				GCC_INCREASE_PRECOMPILED_HEADER_SHARING = NO;
				GCC_NO_COMMON_BLOCKS = YES;
				GCC_PRECOMPILE_PREFIX_HEADER = NO;
				GCC_PREFIX_HEADER = "";
				GCC_WARN_64_TO_32_BIT_CONVERSION = YES;
				GCC_WARN_ABOUT_RETURN_TYPE = YES_ERROR;
				GCC_WARN_UNDECLARED_SELECTOR = YES;
				GCC_WARN_UNINITIALIZED_AUTOS = YES_AGGRESSIVE;
				GCC_WARN_UNUSED_FUNCTION = YES;
				GCC_WARN_UNUSED_VARIABLE = YES;
				IPHONEOS_DEPLOYMENT_TARGET = 8.3;
				MTL_ENABLE_DEBUG_INFO = NO;
				SDKROOT = iphoneos;
				VALIDATE_PRODUCT = YES;
			};
			name = Release;
		};
		F4BDB2021B3840AD0033E65D /* Debug */ = {
			isa = XCBuildConfiguration;
			baseConfigurationReference = 9BDB0B1E051F2FAC33DB0DAE /* Pods.debug.xcconfig */;
			buildSettings = {
				ASSETCATALOG_COMPILER_APPICON_NAME = AppIcon;
				DEBUG_INFORMATION_FORMAT = dwarf;
				GCC_PRECOMPILE_PREFIX_HEADER = YES;
				GCC_PREFIX_HEADER = Projects/AppMacro.pch;
				INFOPLIST_FILE = Projects/Info.plist;
				IPHONEOS_DEPLOYMENT_TARGET = 9.0;
				LD_RUNPATH_SEARCH_PATHS = "$(inherited) @executable_path/Frameworks";
				PRODUCT_NAME = "$(TARGET_NAME)";
			};
			name = Debug;
		};
		F4BDB2031B3840AD0033E65D /* Release */ = {
			isa = XCBuildConfiguration;
			baseConfigurationReference = 369D57773075BC175B031689 /* Pods.release.xcconfig */;
			buildSettings = {
				ASSETCATALOG_COMPILER_APPICON_NAME = AppIcon;
				DEBUG_INFORMATION_FORMAT = dwarf;
				GCC_PRECOMPILE_PREFIX_HEADER = YES;
				GCC_PREFIX_HEADER = Projects/AppMacro.pch;
				INFOPLIST_FILE = Projects/Info.plist;
				IPHONEOS_DEPLOYMENT_TARGET = 9.0;
				LD_RUNPATH_SEARCH_PATHS = "$(inherited) @executable_path/Frameworks";
				PRODUCT_NAME = "$(TARGET_NAME)";
			};
			name = Release;
		};
		F4BDB2051B3840AD0033E65D /* Debug */ = {
			isa = XCBuildConfiguration;
			buildSettings = {
				BUNDLE_LOADER = "$(TEST_HOST)";
				FRAMEWORK_SEARCH_PATHS = (
					"$(SDKROOT)/Developer/Library/Frameworks",
					"$(inherited)",
				);
				GCC_PRECOMPILE_PREFIX_HEADER = YES;
				GCC_PREFIX_HEADER = Projects/AppMacro.pch;
				GCC_PREPROCESSOR_DEFINITIONS = (
					"DEBUG=1",
					"$(inherited)",
					"halo=1",
				);
				INFOPLIST_FILE = ProjectsTests/Info.plist;
				LD_RUNPATH_SEARCH_PATHS = "$(inherited) @executable_path/Frameworks @loader_path/Frameworks";
				PRODUCT_NAME = "$(TARGET_NAME)";
				TEST_HOST = "$(BUILT_PRODUCTS_DIR)/Projects.app/Projects";
			};
			name = Debug;
		};
		F4BDB2061B3840AD0033E65D /* Release */ = {
			isa = XCBuildConfiguration;
			buildSettings = {
				BUNDLE_LOADER = "$(TEST_HOST)";
				FRAMEWORK_SEARCH_PATHS = (
					"$(SDKROOT)/Developer/Library/Frameworks",
					"$(inherited)",
				);
				GCC_PRECOMPILE_PREFIX_HEADER = YES;
				GCC_PREFIX_HEADER = Projects/AppMacro.pch;
				INFOPLIST_FILE = ProjectsTests/Info.plist;
				LD_RUNPATH_SEARCH_PATHS = "$(inherited) @executable_path/Frameworks @loader_path/Frameworks";
				PRODUCT_NAME = "$(TARGET_NAME)";
				TEST_HOST = "$(BUILT_PRODUCTS_DIR)/Projects.app/Projects";
			};
			name = Release;
		};
/* End XCBuildConfiguration section */

/* Begin XCConfigurationList section */
		F4BDB1D91B3840AD0033E65D /* Build configuration list for PBXProject "Projects" */ = {
			isa = XCConfigurationList;
			buildConfigurations = (
				F4BDB1FF1B3840AD0033E65D /* Debug */,
				F4BDB2001B3840AD0033E65D /* Release */,
			);
			defaultConfigurationIsVisible = 0;
			defaultConfigurationName = Release;
		};
		F4BDB2011B3840AD0033E65D /* Build configuration list for PBXNativeTarget "Projects" */ = {
			isa = XCConfigurationList;
			buildConfigurations = (
				F4BDB2021B3840AD0033E65D /* Debug */,
				F4BDB2031B3840AD0033E65D /* Release */,
			);
			defaultConfigurationIsVisible = 0;
			defaultConfigurationName = Release;
		};
		F4BDB2041B3840AD0033E65D /* Build configuration list for PBXNativeTarget "ProjectsTests" */ = {
			isa = XCConfigurationList;
			buildConfigurations = (
				F4BDB2051B3840AD0033E65D /* Debug */,
				F4BDB2061B3840AD0033E65D /* Release */,
			);
			defaultConfigurationIsVisible = 0;
			defaultConfigurationName = Release;
		};
/* End XCConfigurationList section */
	};
	rootObject = F4BDB1D61B3840AD0033E65D /* Project object */;
}
